
Microsoft Visual Studio Solution File, Format Version 12.00
# Visual Studio Version 17
VisualStudioVersion = 17.11.35327.3
MinimumVisualStudioVersion = 10.0.40219.1
Project("{FAE04EC0-301F-11D3-BF4B-00C04F79EFBC}") = "ProductCategory_1022", "ProductCategory_1022\ProductCategory_1022.csproj", "{AB45CE2F-026B-4B68-BA4D-BEA4AC2B9FE4}"
EndProject
Global
	GlobalSection(SolutionConfigurationPlatforms) = preSolution
		Debug|Any CPU = Debug|Any CPU
		Release|Any CPU = Release|Any CPU
	EndGlobalSection
	GlobalSection(ProjectConfigurationPlatforms) = postSolution
		{AB45CE2F-026B-4B68-BA4D-BEA4AC2B9FE4}.Debug|Any CPU.ActiveCfg = Debug|Any CPU
		{AB45CE2F-026B-4B68-BA4D-BEA4AC2B9FE4}.Debug|Any CPU.Build.0 = Debug|Any CPU
		{AB45CE2F-026B-4B68-BA4D-BEA4AC2B9FE4}.Release|Any CPU.ActiveCfg = Release|Any CPU
		{AB45CE2F-026B-4B68-BA4D-BEA4AC2B9FE4}.Release|Any CPU.Build.0 = Release|Any CPU
	EndGlobalSection
	GlobalSection(SolutionProperties) = preSolution
		HideSolutionNode = FALSE
	EndGlobalSection
	GlobalSection(ExtensibilityGlobals) = postSolution
		SolutionGuid = {D0842417-150C-4344-B6FF-2DD0566FEDA5}
	EndGlobalSection
EndGlobal
